
Microsoft Visual Studio Solution File, Format Version 12.00
Project("{FAE04EC0-301F-11D3-BF4B-00C04F79EFBC}") = "Domain", "Domain\Domain.csproj", "{5F26C144-E6F6-4185-9521-A1355069BA13}"
EndProject
Project("{FAE04EC0-301F-11D3-BF4B-00C04F79EFBC}") = "Domain.Test", "Domain.Test\Domain.Test.csproj", "{9041803B-5874-41EC-8D4D-E9676568EE2E}"
EndProject
Project("{FAE04EC0-301F-11D3-BF4B-00C04F79EFBC}") = "Application", "Application\Application.csproj", "{0E771333-515C-4390-8E42-4E997076BAEC}"
EndProject
Project("{FAE04EC0-301F-11D3-BF4B-00C04F79EFBC}") = "Application.Test", "Application.Test\Application.Test.csproj", "{5B5743B1-7FF2-45F4-B633-FCD64BB38777}"
EndProject
Project("{FAE04EC0-301F-11D3-BF4B-00C04F79EFBC}") = "Infrastructure", "Infrastructure\Infrastructure.csproj", "{5D9817CC-E354-46EF-A9C4-0FC1DC7FB843}"
EndProject
Project("{FAE04EC0-301F-11D3-BF4B-00C04F79EFBC}") = "Infrastructure.Test", "Infrastructure.Test\Infrastructure.Test.csproj", "{AA7667E8-DB15-4896-8834-917939C27FA9}"
EndProject
Global
	GlobalSection(SolutionConfigurationPlatforms) = preSolution
		Debug|Any CPU = Debug|Any CPU
		Release|Any CPU = Release|Any CPU
	EndGlobalSection
	GlobalSection(ProjectConfigurationPlatforms) = postSolution
		{5F26C144-E6F6-4185-9521-A1355069BA13}.Debug|Any CPU.ActiveCfg = Debug|Any CPU
		{5F26C144-E6F6-4185-9521-A1355069BA13}.Debug|Any CPU.Build.0 = Debug|Any CPU
		{5F26C144-E6F6-4185-9521-A1355069BA13}.Release|Any CPU.ActiveCfg = Release|Any CPU
		{5F26C144-E6F6-4185-9521-A1355069BA13}.Release|Any CPU.Build.0 = Release|Any CPU
		{9041803B-5874-41EC-8D4D-E9676568EE2E}.Debug|Any CPU.ActiveCfg = Debug|Any CPU
		{9041803B-5874-41EC-8D4D-E9676568EE2E}.Debug|Any CPU.Build.0 = Debug|Any CPU
		{9041803B-5874-41EC-8D4D-E9676568EE2E}.Release|Any CPU.ActiveCfg = Release|Any CPU
		{9041803B-5874-41EC-8D4D-E9676568EE2E}.Release|Any CPU.Build.0 = Release|Any CPU
		{0E771333-515C-4390-8E42-4E997076BAEC}.Debug|Any CPU.ActiveCfg = Debug|Any CPU
		{0E771333-515C-4390-8E42-4E997076BAEC}.Debug|Any CPU.Build.0 = Debug|Any CPU
		{0E771333-515C-4390-8E42-4E997076BAEC}.Release|Any CPU.ActiveCfg = Release|Any CPU
		{0E771333-515C-4390-8E42-4E997076BAEC}.Release|Any CPU.Build.0 = Release|Any CPU
		{5B5743B1-7FF2-45F4-B633-FCD64BB38777}.Debug|Any CPU.ActiveCfg = Debug|Any CPU
		{5B5743B1-7FF2-45F4-B633-FCD64BB38777}.Debug|Any CPU.Build.0 = Debug|Any CPU
		{5B5743B1-7FF2-45F4-B633-FCD64BB38777}.Release|Any CPU.ActiveCfg = Release|Any CPU
		{5B5743B1-7FF2-45F4-B633-FCD64BB38777}.Release|Any CPU.Build.0 = Release|Any CPU
		{5D9817CC-E354-46EF-A9C4-0FC1DC7FB843}.Debug|Any CPU.ActiveCfg = Debug|Any CPU
		{5D9817CC-E354-46EF-A9C4-0FC1DC7FB843}.Debug|Any CPU.Build.0 = Debug|Any CPU
		{5D9817CC-E354-46EF-A9C4-0FC1DC7FB843}.Release|Any CPU.ActiveCfg = Release|Any CPU
		{5D9817CC-E354-46EF-A9C4-0FC1DC7FB843}.Release|Any CPU.Build.0 = Release|Any CPU
		{AA7667E8-DB15-4896-8834-917939C27FA9}.Debug|Any CPU.ActiveCfg = Debug|Any CPU
		{AA7667E8-DB15-4896-8834-917939C27FA9}.Debug|Any CPU.Build.0 = Debug|Any CPU
		{AA7667E8-DB15-4896-8834-917939C27FA9}.Release|Any CPU.ActiveCfg = Release|Any CPU
		{AA7667E8-DB15-4896-8834-917939C27FA9}.Release|Any CPU.Build.0 = Release|Any CPU
	EndGlobalSection
EndGlobal
